
Microsoft Visual Studio Solution File, Format Version 12.00
# Visual Studio 15
VisualStudioVersion = 15.0.28010.2003
MinimumVisualStudioVersion = 10.0.40219.1
Project("{FAE04EC0-301F-11D3-BF4B-00C04F79EFBC}") = "MyWPFApp", "MyWPFApp\MyWPFApp.csproj", "{73C44634-B90A-4852-9754-E4A141474F8A}"
EndProject
Project("{FAE04EC0-301F-11D3-BF4B-00C04F79EFBC}") = "WPFDispatcherDemo", "WPFDispatcherDemo\WPFDispatcherDemo.csproj", "{8914B964-51B5-425F-93B1-833A57B2ED6D}"
EndProject
Project("{FAE04EC0-301F-11D3-BF4B-00C04F79EFBC}") = "MVVMPractice", "MVVMPractice\MVVMPractice.csproj", "{1E1C88B5-B684-4F1B-9626-968E163E0F21}"
EndProject
Project("{FAE04EC0-301F-11D3-BF4B-00C04F79EFBC}") = "WpfControlLibrary1", "WpfControlLibrary1\WpfControlLibrary1.csproj", "{E78CA0A6-CB9B-40A4-AEF4-9D21D252E556}"
EndProject
Project("{FAE04EC0-301F-11D3-BF4B-00C04F79EFBC}") = "CustomerConsole", "CustomerConsole\CustomerConsole.csproj", "{5BC4AA34-E6A7-4D3F-A3DB-E7F1EB77F4A7}"
EndProject
Project("{FAE04EC0-301F-11D3-BF4B-00C04F79EFBC}") = "WPFResources", "WPFResources\WPFResources.csproj", "{E10894FA-F8E1-464E-B90D-9B21AF43C747}"
EndProject
Project("{FAE04EC0-301F-11D3-BF4B-00C04F79EFBC}") = "MVVMNavigationApp", "MVVMNavigationApp\MVVMNavigationApp.csproj", "{AEAEDF90-8B18-4A5C-8C55-E8412D4F56F8}"
EndProject
Global
	GlobalSection(SolutionConfigurationPlatforms) = preSolution
		Debug|Any CPU = Debug|Any CPU
		Release|Any CPU = Release|Any CPU
	EndGlobalSection
	GlobalSection(ProjectConfigurationPlatforms) = postSolution
		{73C44634-B90A-4852-9754-E4A141474F8A}.Debug|Any CPU.ActiveCfg = Debug|Any CPU
		{73C44634-B90A-4852-9754-E4A141474F8A}.Debug|Any CPU.Build.0 = Debug|Any CPU
		{73C44634-B90A-4852-9754-E4A141474F8A}.Release|Any CPU.ActiveCfg = Release|Any CPU
		{73C44634-B90A-4852-9754-E4A141474F8A}.Release|Any CPU.Build.0 = Release|Any CPU
		{8914B964-51B5-425F-93B1-833A57B2ED6D}.Debug|Any CPU.ActiveCfg = Debug|Any CPU
		{8914B964-51B5-425F-93B1-833A57B2ED6D}.Debug|Any CPU.Build.0 = Debug|Any CPU
		{8914B964-51B5-425F-93B1-833A57B2ED6D}.Release|Any CPU.ActiveCfg = Release|Any CPU
		{8914B964-51B5-425F-93B1-833A57B2ED6D}.Release|Any CPU.Build.0 = Release|Any CPU
		{1E1C88B5-B684-4F1B-9626-968E163E0F21}.Debug|Any CPU.ActiveCfg = Debug|Any CPU
		{1E1C88B5-B684-4F1B-9626-968E163E0F21}.Debug|Any CPU.Build.0 = Debug|Any CPU
		{1E1C88B5-B684-4F1B-9626-968E163E0F21}.Release|Any CPU.ActiveCfg = Release|Any CPU
		{1E1C88B5-B684-4F1B-9626-968E163E0F21}.Release|Any CPU.Build.0 = Release|Any CPU
		{E78CA0A6-CB9B-40A4-AEF4-9D21D252E556}.Debug|Any CPU.ActiveCfg = Debug|Any CPU
		{E78CA0A6-CB9B-40A4-AEF4-9D21D252E556}.Debug|Any CPU.Build.0 = Debug|Any CPU
		{E78CA0A6-CB9B-40A4-AEF4-9D21D252E556}.Release|Any CPU.ActiveCfg = Release|Any CPU
		{E78CA0A6-CB9B-40A4-AEF4-9D21D252E556}.Release|Any CPU.Build.0 = Release|Any CPU
		{5BC4AA34-E6A7-4D3F-A3DB-E7F1EB77F4A7}.Debug|Any CPU.ActiveCfg = Debug|Any CPU
		{5BC4AA34-E6A7-4D3F-A3DB-E7F1EB77F4A7}.Debug|Any CPU.Build.0 = Debug|Any CPU
		{5BC4AA34-E6A7-4D3F-A3DB-E7F1EB77F4A7}.Release|Any CPU.ActiveCfg = Release|Any CPU
		{5BC4AA34-E6A7-4D3F-A3DB-E7F1EB77F4A7}.Release|Any CPU.Build.0 = Release|Any CPU
		{E10894FA-F8E1-464E-B90D-9B21AF43C747}.Debug|Any CPU.ActiveCfg = Debug|Any CPU
		{E10894FA-F8E1-464E-B90D-9B21AF43C747}.Debug|Any CPU.Build.0 = Debug|Any CPU
		{E10894FA-F8E1-464E-B90D-9B21AF43C747}.Release|Any CPU.ActiveCfg = Release|Any CPU
		{E10894FA-F8E1-464E-B90D-9B21AF43C747}.Release|Any CPU.Build.0 = Release|Any CPU
		{AEAEDF90-8B18-4A5C-8C55-E8412D4F56F8}.Debug|Any CPU.ActiveCfg = Debug|Any CPU
		{AEAEDF90-8B18-4A5C-8C55-E8412D4F56F8}.Debug|Any CPU.Build.0 = Debug|Any CPU
		{AEAEDF90-8B18-4A5C-8C55-E8412D4F56F8}.Release|Any CPU.ActiveCfg = Release|Any CPU
		{AEAEDF90-8B18-4A5C-8C55-E8412D4F56F8}.Release|Any CPU.Build.0 = Release|Any CPU
	EndGlobalSection
	GlobalSection(SolutionProperties) = preSolution
		HideSolutionNode = FALSE
	EndGlobalSection
	GlobalSection(ExtensibilityGlobals) = postSolution
		SolutionGuid = {256E0BEB-499D-4B5A-9AB3-03F8275BEEE2}
	EndGlobalSection
EndGlobal
